
Microsoft Visual Studio Solution File, Format Version 12.00
# Visual Studio 15
VisualStudioVersion = 15.0.28010.2036
MinimumVisualStudioVersion = 10.0.40219.1
Project("{FAE04EC0-301F-11D3-BF4B-00C04F79EFBC}") = "WindowsFormTesting", "WindowsFormTesting\WindowsFormTesting.csproj", "{8A7A6376-BD36-4D15-B3EB-1240B3BC8C97}"
EndProject
Global
	GlobalSection(SolutionConfigurationPlatforms) = preSolution
		Debug|Any CPU = Debug|Any CPU
		Release|Any CPU = Release|Any CPU
	EndGlobalSection
	GlobalSection(ProjectConfigurationPlatforms) = postSolution
		{8A7A6376-BD36-4D15-B3EB-1240B3BC8C97}.Debug|Any CPU.ActiveCfg = Debug|Any CPU
		{8A7A6376-BD36-4D15-B3EB-1240B3BC8C97}.Debug|Any CPU.Build.0 = Debug|Any CPU
		{8A7A6376-BD36-4D15-B3EB-1240B3BC8C97}.Release|Any CPU.ActiveCfg = Release|Any CPU
		{8A7A6376-BD36-4D15-B3EB-1240B3BC8C97}.Release|Any CPU.Build.0 = Release|Any CPU
	EndGlobalSection
	GlobalSection(SolutionProperties) = preSolution
		HideSolutionNode = FALSE
	EndGlobalSection
	GlobalSection(ExtensibilityGlobals) = postSolution
		SolutionGuid = {5DA3E3E9-611E-4F49-BB68-A1933CFC9AAC}
	EndGlobalSection
EndGlobal
